
Microsoft Visual Studio Solution File, Format Version 12.00
# Visual Studio Version 16
VisualStudioVersion = 16.0.30907.101
MinimumVisualStudioVersion = 10.0.40219.1
Project("{9A19103F-16F7-4668-BE54-9A1E7A4F7556}") = "WellRounded.Server", "WellRounded.Server\WellRounded.Server.csproj", "{B813B48F-3EF5-4D7E-9A4E-9F4D4C6A41F6}"
EndProject
Global
	GlobalSection(SolutionConfigurationPlatforms) = preSolution
		Debug|Any CPU = Debug|Any CPU
		Release|Any CPU = Release|Any CPU
	EndGlobalSection
	GlobalSection(ProjectConfigurationPlatforms) = postSolution
		{B813B48F-3EF5-4D7E-9A4E-9F4D4C6A41F6}.Debug|Any CPU.ActiveCfg = Debug|Any CPU
		{B813B48F-3EF5-4D7E-9A4E-9F4D4C6A41F6}.Debug|Any CPU.Build.0 = Debug|Any CPU
		{B813B48F-3EF5-4D7E-9A4E-9F4D4C6A41F6}.Release|Any CPU.ActiveCfg = Release|Any CPU
		{B813B48F-3EF5-4D7E-9A4E-9F4D4C6A41F6}.Release|Any CPU.Build.0 = Release|Any CPU
	EndGlobalSection
	GlobalSection(SolutionProperties) = preSolution
		HideSolutionNode = FALSE
	EndGlobalSection
	GlobalSection(ExtensibilityGlobals) = postSolution
		SolutionGuid = {C6B57C2A-5875-403E-9C6C-20159E1F5C7F}
	EndGlobalSection
EndGlobal
